<?xml version="1.0" encoding="utf-8"?>
<Project ToolsVersion="4.0" xmlns="http://schemas.microsoft.com/developer/msbuild/2003">
  <ItemGroup>
    <Filter Include="Source Files">
      <UniqueIdentifier>{43a6017b-3fec-4205-8c25-734685a9adfe}</UniqueIdentifier>
      <Extensions>cpp;c;cxx;rc;def;r;odl;idl;hpj;bat</Extensions>
    </Filter>
    <Filter Include="Header Files">
      <UniqueIdentifier>{940a07d5-383e-4f80-85f2-052b5deb1a43}</UniqueIdentifier>
      <Extensions>h;hpp;hxx;hm;inl</Extensions>
    </Filter>
    <Filter Include="D3DCommon">
      <UniqueIdentifier>{c10fb20a-f159-430b-bac8-a65dedb088b8}</UniqueIdentifier>
    </Filter>
    <Filter Include="Resource Files">
      <UniqueIdentifier>{90092f21-580a-440c-bc4a-65da7a8b9024}</UniqueIdentifier>
    </Filter>
  </ItemGroup>
  <ItemGroup>
    <ClCompile Include="RegHandler.cpp">
      <Filter>Source Files</Filter>
    </ClCompile>
    <ClCompile Include="StdAfx.cpp">
      <Filter>Source Files</Filter>
    </ClCompile>
    <ClCompile Include="WHDefProcess.cpp">
      <Filter>Source Files</Filter>
    </ClCompile>
    <ClCompile Include="WHDXGraphic.cpp">
      <Filter>Source Files</Filter>
    </ClCompile>
    <ClCompile Include="WHImage.cpp">
      <Filter>Source Files</Filter>
    </ClCompile>
    <ClCompile Include="WHSurface.cpp">
      <Filter>Source Files</Filter>
    </ClCompile>
    <ClCompile Include="WHWilImage.cpp">
      <Filter>Source Files</Filter>
    </ClCompile>
    <ClCompile Include="WHWilTexture.cpp">
      <Filter>Source Files</Filter>
    </ClCompile>
    <ClCompile Include="WHWindow.cpp">
      <Filter>Source Files</Filter>
    </ClCompile>
    <ClCompile Include="D3DCommon\d3dmath.cpp">
      <Filter>D3DCommon</Filter>
    </ClCompile>
    <ClCompile Include="D3DCommon\d3dtextr.cpp">
      <Filter>D3DCommon</Filter>
    </ClCompile>
    <ClCompile Include="D3DCommon\d3dutil.cpp">
      <Filter>D3DCommon</Filter>
    </ClCompile>
    <ClCompile Include="D3DCommon\ddutil.cpp">
      <Filter>D3DCommon</Filter>
    </ClCompile>
  </ItemGroup>
  <ItemGroup>
    <ClInclude Include="RegHandler.h">
      <Filter>Header Files</Filter>
    </ClInclude>
    <ClInclude Include="StdAfx.h">
      <Filter>Header Files</Filter>
    </ClInclude>
    <ClInclude Include="WHDefProcess.h">
      <Filter>Header Files</Filter>
    </ClInclude>
    <ClInclude Include="WHDXGraphic.h">
      <Filter>Header Files</Filter>
    </ClInclude>
    <ClInclude Include="WHEngine.h">
      <Filter>Header Files</Filter>
    </ClInclude>
    <ClInclude Include="WHImage.h">
      <Filter>Header Files</Filter>
    </ClInclude>
    <ClInclude Include="WHSurface.h">
      <Filter>Header Files</Filter>
    </ClInclude>
    <ClInclude Include="WHWilImage.h">
      <Filter>Header Files</Filter>
    </ClInclude>
    <ClInclude Include="WHWilTexture.h">
      <Filter>Header Files</Filter>
    </ClInclude>
    <ClInclude Include="WHWindow.h">
      <Filter>Header Files</Filter>
    </ClInclude>
    <ClInclude Include="D3DCommon\d3dmath.h">
      <Filter>D3DCommon</Filter>
    </ClInclude>
    <ClInclude Include="D3DCommon\d3dtextr.h">
      <Filter>D3DCommon</Filter>
    </ClInclude>
    <ClInclude Include="D3DCommon\d3dutil.h">
      <Filter>D3DCommon</Filter>
    </ClInclude>
    <ClInclude Include="D3DCommon\ddutil.h">
      <Filter>D3DCommon</Filter>
    </ClInclude>
  </ItemGroup>
  <ItemGroup>
    <Text Include="Readme.txt" />
  </ItemGroup>
</Project>